
Microsoft Visual Studio Solution File, Format Version 12.00
# Visual Studio Version 16
VisualStudioVersion = 16.0.30413.136
MinimumVisualStudioVersion = 10.0.40219.1
Project("{FAE04EC0-301F-11D3-BF4B-00C04F79EFBC}") = "DapperFirstProject", "DapperFirstProject\DapperFirstProject.csproj", "{2DF894AB-0DDB-4378-8D25-30E021B30961}"
EndProject
Global
	GlobalSection(SolutionConfigurationPlatforms) = preSolution
		Debug|Any CPU = Debug|Any CPU
		Release|Any CPU = Release|Any CPU
	EndGlobalSection
	GlobalSection(ProjectConfigurationPlatforms) = postSolution
		{2DF894AB-0DDB-4378-8D25-30E021B30961}.Debug|Any CPU.ActiveCfg = Debug|Any CPU
		{2DF894AB-0DDB-4378-8D25-30E021B30961}.Debug|Any CPU.Build.0 = Debug|Any CPU
		{2DF894AB-0DDB-4378-8D25-30E021B30961}.Release|Any CPU.ActiveCfg = Release|Any CPU
		{2DF894AB-0DDB-4378-8D25-30E021B30961}.Release|Any CPU.Build.0 = Release|Any CPU
	EndGlobalSection
	GlobalSection(SolutionProperties) = preSolution
		HideSolutionNode = FALSE
	EndGlobalSection
	GlobalSection(ExtensibilityGlobals) = postSolution
		SolutionGuid = {E7943D14-198B-442C-9A62-23B1502C9213}
	EndGlobalSection
EndGlobal
